
Microsoft Visual Studio Solution File, Format Version 12.00
# Visual Studio Version 17
VisualStudioVersion = 17.6.33829.357
MinimumVisualStudioVersion = 10.0.40219.1
Project("{9A19103F-16F7-4668-BE54-9A1E7A4F7556}") = "MVC", "MVC\MVC.csproj", "{B632E83D-93E3-40AE-9E97-8C67231C09A8}"
EndProject
Project("{2150E333-8FDC-42A3-9474-1A3956D46DE8}") = "Solution Items", "Solution Items", "{C5B91941-3B1E-48F4-BD99-BACB05F67CF7}"
	ProjectSection(SolutionItems) = preProject
		.editorconfig = .editorconfig
	EndProjectSection
EndProject
Global
	GlobalSection(SolutionConfigurationPlatforms) = preSolution
		Debug|Any CPU = Debug|Any CPU
		Release|Any CPU = Release|Any CPU
	EndGlobalSection
	GlobalSection(ProjectConfigurationPlatforms) = postSolution
		{B632E83D-93E3-40AE-9E97-8C67231C09A8}.Debug|Any CPU.ActiveCfg = Debug|Any CPU
		{B632E83D-93E3-40AE-9E97-8C67231C09A8}.Debug|Any CPU.Build.0 = Debug|Any CPU
		{B632E83D-93E3-40AE-9E97-8C67231C09A8}.Release|Any CPU.ActiveCfg = Release|Any CPU
		{B632E83D-93E3-40AE-9E97-8C67231C09A8}.Release|Any CPU.Build.0 = Release|Any CPU
	EndGlobalSection
	GlobalSection(SolutionProperties) = preSolution
		HideSolutionNode = FALSE
	EndGlobalSection
	GlobalSection(ExtensibilityGlobals) = postSolution
		SolutionGuid = {9A110E66-03B3-4EE5-BE35-24C82B70AF2B}
	EndGlobalSection
EndGlobal
